# This file is automatically @generated by Cargo.
# It is not intended for manual editing.
version = 4

[[package]]
name = "grr-core"
version = "0.1.0"

[[package]]
name = "grr-geodesic"
version = "0.1.0"
dependencies = [
 "grr-core",
 "grr-integrator",
]

[[package]]
name = "grr-integrator"
version = "0.1.0"

[[package]]
name = "grr-tetrad"
version = "0.1.0"
dependencies = [
 "grr-core",
]
